
Microsoft Visual Studio Solution File, Format Version 12.00
# Visual Studio Version 17
VisualStudioVersion = 17.7.34003.232
MinimumVisualStudioVersion = 10.0.40219.1
Project("{FAE04EC0-301F-11D3-BF4B-00C04F79EFBC}") = "Bai-10", "Bai-10.csproj", "{BAE5DBC2-BD81-4F73-A9B8-71E689AC4FD5}"
EndProject
Global
	GlobalSection(SolutionConfigurationPlatforms) = preSolution
		Debug|Any CPU = Debug|Any CPU
		Release|Any CPU = Release|Any CPU
	EndGlobalSection
	GlobalSection(ProjectConfigurationPlatforms) = postSolution
		{BAE5DBC2-BD81-4F73-A9B8-71E689AC4FD5}.Debug|Any CPU.ActiveCfg = Debug|Any CPU
		{BAE5DBC2-BD81-4F73-A9B8-71E689AC4FD5}.Debug|Any CPU.Build.0 = Debug|Any CPU
		{BAE5DBC2-BD81-4F73-A9B8-71E689AC4FD5}.Release|Any CPU.ActiveCfg = Release|Any CPU
		{BAE5DBC2-BD81-4F73-A9B8-71E689AC4FD5}.Release|Any CPU.Build.0 = Release|Any CPU
	EndGlobalSection
	GlobalSection(SolutionProperties) = preSolution
		HideSolutionNode = FALSE
	EndGlobalSection
	GlobalSection(ExtensibilityGlobals) = postSolution
		SolutionGuid = {86CC4EEF-23A3-40D6-AAF5-B790A3B670CB}
	EndGlobalSection
EndGlobal
