
Microsoft Visual Studio Solution File, Format Version 12.00
# Visual Studio Version 17
VisualStudioVersion = 17.7.34003.232
MinimumVisualStudioVersion = 10.0.40219.1
Project("{FAE04EC0-301F-11D3-BF4B-00C04F79EFBC}") = "Bai-5", "Bai-5.csproj", "{4A116276-2B66-4DBA-BB2B-B2CDC3E12608}"
EndProject
Global
	GlobalSection(SolutionConfigurationPlatforms) = preSolution
		Debug|Any CPU = Debug|Any CPU
		Release|Any CPU = Release|Any CPU
	EndGlobalSection
	GlobalSection(ProjectConfigurationPlatforms) = postSolution
		{4A116276-2B66-4DBA-BB2B-B2CDC3E12608}.Debug|Any CPU.ActiveCfg = Debug|Any CPU
		{4A116276-2B66-4DBA-BB2B-B2CDC3E12608}.Debug|Any CPU.Build.0 = Debug|Any CPU
		{4A116276-2B66-4DBA-BB2B-B2CDC3E12608}.Release|Any CPU.ActiveCfg = Release|Any CPU
		{4A116276-2B66-4DBA-BB2B-B2CDC3E12608}.Release|Any CPU.Build.0 = Release|Any CPU
	EndGlobalSection
	GlobalSection(SolutionProperties) = preSolution
		HideSolutionNode = FALSE
	EndGlobalSection
	GlobalSection(ExtensibilityGlobals) = postSolution
		SolutionGuid = {57D1E25D-7051-4B9D-97D3-D3CDCCFDD33C}
	EndGlobalSection
EndGlobal
